
Microsoft Visual Studio Solution File, Format Version 12.00
Project("{FAE04EC0-301F-11D3-BF4B-00C04F79EFBC}") = "Domain", "Domain\Domain.csproj", "{B8AF0106-44C3-4102-9BA5-9B7FF8816EBC}"
EndProject
Project("{FAE04EC0-301F-11D3-BF4B-00C04F79EFBC}") = "Application", "Application\Application.csproj", "{CF3231FB-5B38-41A2-BEAC-E2E23FC456BB}"
EndProject
Project("{FAE04EC0-301F-11D3-BF4B-00C04F79EFBC}") = "Infrastructure", "Infrastructure\Infrastructure.csproj", "{B56D3D42-CE13-4695-9255-502986D90248}"
EndProject
Project("{FAE04EC0-301F-11D3-BF4B-00C04F79EFBC}") = "Tests", "Tests\Tests.csproj", "{23AF3A7D-5C05-4226-9EBC-FAF897B94E20}"
EndProject
Project("{FAE04EC0-301F-11D3-BF4B-00C04F79EFBC}") = "WebApi", "WebApi\WebApi.csproj", "{C2CA099C-D400-4085-A342-017E4BEAB64D}"
EndProject
Project("{FAE04EC0-301F-11D3-BF4B-00C04F79EFBC}") = "WebApp", "WebApp\WebApp.csproj", "{513596E4-F8A7-4FF7-A227-0C325986E6CF}"
EndProject
Global
	GlobalSection(SolutionConfigurationPlatforms) = preSolution
		Debug|Any CPU = Debug|Any CPU
		Release|Any CPU = Release|Any CPU
	EndGlobalSection
	GlobalSection(ProjectConfigurationPlatforms) = postSolution
		{B8AF0106-44C3-4102-9BA5-9B7FF8816EBC}.Debug|Any CPU.ActiveCfg = Debug|Any CPU
		{B8AF0106-44C3-4102-9BA5-9B7FF8816EBC}.Debug|Any CPU.Build.0 = Debug|Any CPU
		{B8AF0106-44C3-4102-9BA5-9B7FF8816EBC}.Release|Any CPU.ActiveCfg = Release|Any CPU
		{B8AF0106-44C3-4102-9BA5-9B7FF8816EBC}.Release|Any CPU.Build.0 = Release|Any CPU
		{CF3231FB-5B38-41A2-BEAC-E2E23FC456BB}.Debug|Any CPU.ActiveCfg = Debug|Any CPU
		{CF3231FB-5B38-41A2-BEAC-E2E23FC456BB}.Debug|Any CPU.Build.0 = Debug|Any CPU
		{CF3231FB-5B38-41A2-BEAC-E2E23FC456BB}.Release|Any CPU.ActiveCfg = Release|Any CPU
		{CF3231FB-5B38-41A2-BEAC-E2E23FC456BB}.Release|Any CPU.Build.0 = Release|Any CPU
		{B56D3D42-CE13-4695-9255-502986D90248}.Debug|Any CPU.ActiveCfg = Debug|Any CPU
		{B56D3D42-CE13-4695-9255-502986D90248}.Debug|Any CPU.Build.0 = Debug|Any CPU
		{B56D3D42-CE13-4695-9255-502986D90248}.Release|Any CPU.ActiveCfg = Release|Any CPU
		{B56D3D42-CE13-4695-9255-502986D90248}.Release|Any CPU.Build.0 = Release|Any CPU
		{23AF3A7D-5C05-4226-9EBC-FAF897B94E20}.Debug|Any CPU.ActiveCfg = Debug|Any CPU
		{23AF3A7D-5C05-4226-9EBC-FAF897B94E20}.Debug|Any CPU.Build.0 = Debug|Any CPU
		{23AF3A7D-5C05-4226-9EBC-FAF897B94E20}.Release|Any CPU.ActiveCfg = Release|Any CPU
		{23AF3A7D-5C05-4226-9EBC-FAF897B94E20}.Release|Any CPU.Build.0 = Release|Any CPU
		{C2CA099C-D400-4085-A342-017E4BEAB64D}.Debug|Any CPU.ActiveCfg = Debug|Any CPU
		{C2CA099C-D400-4085-A342-017E4BEAB64D}.Debug|Any CPU.Build.0 = Debug|Any CPU
		{C2CA099C-D400-4085-A342-017E4BEAB64D}.Release|Any CPU.ActiveCfg = Release|Any CPU
		{C2CA099C-D400-4085-A342-017E4BEAB64D}.Release|Any CPU.Build.0 = Release|Any CPU
		{513596E4-F8A7-4FF7-A227-0C325986E6CF}.Debug|Any CPU.ActiveCfg = Debug|Any CPU
		{513596E4-F8A7-4FF7-A227-0C325986E6CF}.Debug|Any CPU.Build.0 = Debug|Any CPU
		{513596E4-F8A7-4FF7-A227-0C325986E6CF}.Release|Any CPU.ActiveCfg = Release|Any CPU
		{513596E4-F8A7-4FF7-A227-0C325986E6CF}.Release|Any CPU.Build.0 = Release|Any CPU
	EndGlobalSection
EndGlobal
